// !$*UTF8*$!
{
	archiveVersion = 1;
	classes = {
	};
	objectVersion = 51;
	objects = {

/* Begin PBXBuildFile section */
		65DD9ADC26A6680100FD6D73 /* AppDelegate.swift in Sources */ = {isa = PBXBuildFile; fileRef = 65DD9ADB26A6680100FD6D73 /* AppDelegate.swift */; };
		65DD9ADE26A6680100FD6D73 /* SceneDelegate.swift in Sources */ = {isa = PBXBuildFile; fileRef = 65DD9ADD26A6680100FD6D73 /* SceneDelegate.swift */; };
		65DD9AE626A6680100FD6D73 /* StockTutorial.xcdatamodeld in Sources */ = {isa = PBXBuildFile; fileRef = 65DD9AE426A6680100FD6D73 /* StockTutorial.xcdatamodeld */; };
		65DD9AE826A6680200FD6D73 /* Assets.xcassets in Resources */ = {isa = PBXBuildFile; fileRef = 65DD9AE726A6680200FD6D73 /* Assets.xcassets */; };
		65DD9AEB26A6680200FD6D73 /* LaunchScreen.storyboard in Resources */ = {isa = PBXBuildFile; fileRef = 65DD9AE926A6680200FD6D73 /* LaunchScreen.storyboard */; };
		65DD9AFB26A6690900FD6D73 /* BaseViewController.swift in Sources */ = {isa = PBXBuildFile; fileRef = 65DD9AFA26A6690900FD6D73 /* BaseViewController.swift */; };
		65DD9AFD26A6697F00FD6D73 /* StockListController.swift in Sources */ = {isa = PBXBuildFile; fileRef = 65DD9AFC26A6697F00FD6D73 /* StockListController.swift */; };
		65DD9AFF26A669C800FD6D73 /* BaseView.swift in Sources */ = {isa = PBXBuildFile; fileRef = 65DD9AFE26A669C800FD6D73 /* BaseView.swift */; };
		65DD9B0126A66A2000FD6D73 /* StockListView.swift in Sources */ = {isa = PBXBuildFile; fileRef = 65DD9B0026A66A2000FD6D73 /* StockListView.swift */; };
		65DD9B0326A66D3700FD6D73 /* Coordinator.swift in Sources */ = {isa = PBXBuildFile; fileRef = 65DD9B0226A66D3700FD6D73 /* Coordinator.swift */; };
		65DD9B0526A66D9A00FD6D73 /* CompositionRoot.swift in Sources */ = {isa = PBXBuildFile; fileRef = 65DD9B0426A66D9A00FD6D73 /* CompositionRoot.swift */; };
		65DD9B0726A6751100FD6D73 /* MainCoordinator.swift in Sources */ = {isa = PBXBuildFile; fileRef = 65DD9B0626A6751100FD6D73 /* MainCoordinator.swift */; };
		65DD9B0926A68AAF00FD6D73 /* StockRepository.swift in Sources */ = {isa = PBXBuildFile; fileRef = 65DD9B0826A68AAF00FD6D73 /* StockRepository.swift */; };
		65DD9B0B26A68AD800FD6D73 /* StockRepositoryImplement.swift in Sources */ = {isa = PBXBuildFile; fileRef = 65DD9B0A26A68AD800FD6D73 /* StockRepositoryImplement.swift */; };
		65DD9B0D26A68BE700FD6D73 /* Stock.swift in Sources */ = {isa = PBXBuildFile; fileRef = 65DD9B0C26A68BE700FD6D73 /* Stock.swift */; };
		65DD9B0F26A695AC00FD6D73 /* StockUseCase.swift in Sources */ = {isa = PBXBuildFile; fileRef = 65DD9B0E26A695AC00FD6D73 /* StockUseCase.swift */; };
		65DD9B1126A6992800FD6D73 /* StockListViewModel.swift in Sources */ = {isa = PBXBuildFile; fileRef = 65DD9B1026A6992800FD6D73 /* StockListViewModel.swift */; };
		65DD9B1326A6B73800FD6D73 /* LoadingView.swift in Sources */ = {isa = PBXBuildFile; fileRef = 65DD9B1226A6B73800FD6D73 /* LoadingView.swift */; };
		65DD9B1526A6BA6B00FD6D73 /* Font.swift in Sources */ = {isa = PBXBuildFile; fileRef = 65DD9B1426A6BA6B00FD6D73 /* Font.swift */; };
		65DD9B1726A6BB3100FD6D73 /* StockCell.swift in Sources */ = {isa = PBXBuildFile; fileRef = 65DD9B1626A6BB3100FD6D73 /* StockCell.swift */; };
		65DD9B1926A6BE2F00FD6D73 /* StockList+TableView.swift in Sources */ = {isa = PBXBuildFile; fileRef = 65DD9B1826A6BE2F00FD6D73 /* StockList+TableView.swift */; };
		65DD9B1C26A79DD600FD6D73 /* EmptyView.swift in Sources */ = {isa = PBXBuildFile; fileRef = 65DD9B1B26A79DD600FD6D73 /* EmptyView.swift */; };
		65DD9B1E26A7A3CD00FD6D73 /* StockDetailController.swift in Sources */ = {isa = PBXBuildFile; fileRef = 65DD9B1D26A7A3CD00FD6D73 /* StockDetailController.swift */; };
		65DD9B2026A7BB5300FD6D73 /* StockDetailView.swift in Sources */ = {isa = PBXBuildFile; fileRef = 65DD9B1F26A7BB5300FD6D73 /* StockDetailView.swift */; };
		65DD9B2226A7E6A600FD6D73 /* StockDetailTopView.swift in Sources */ = {isa = PBXBuildFile; fileRef = 65DD9B2126A7E6A600FD6D73 /* StockDetailTopView.swift */; };
		65DD9B2426A7ECCE00FD6D73 /* StockDetailBottomView.swift in Sources */ = {isa = PBXBuildFile; fileRef = 65DD9B2326A7ECCE00FD6D73 /* StockDetailBottomView.swift */; };
		65DD9B2626A7FD4200FD6D73 /* TimeSeriesMonthlyAdjusted.swift in Sources */ = {isa = PBXBuildFile; fileRef = 65DD9B2526A7FD4200FD6D73 /* TimeSeriesMonthlyAdjusted.swift */; };
		833BABECABA735231CD5E68B /* Pods_StockTutorial.framework in Frameworks */ = {isa = PBXBuildFile; fileRef = 1099E1C91B06E853C87B3DB2 /* Pods_StockTutorial.framework */; };
/* End PBXBuildFile section */

/* Begin PBXFileReference section */
		1099E1C91B06E853C87B3DB2 /* Pods_StockTutorial.framework */ = {isa = PBXFileReference; explicitFileType = wrapper.framework; includeInIndex = 0; path = Pods_StockTutorial.framework; sourceTree = BUILT_PRODUCTS_DIR; };
		3E086152ECD75ABFB0DD033F /* Pods-StockTutorial.debug.xcconfig */ = {isa = PBXFileReference; includeInIndex = 1; lastKnownFileType = text.xcconfig; name = "Pods-StockTutorial.debug.xcconfig"; path = "Target Support Files/Pods-StockTutorial/Pods-StockTutorial.debug.xcconfig"; sourceTree = "<group>"; };
		65DD9AD826A6680100FD6D73 /* StockTutorial.app */ = {isa = PBXFileReference; explicitFileType = wrapper.application; includeInIndex = 0; path = StockTutorial.app; sourceTree = BUILT_PRODUCTS_DIR; };
		65DD9ADB26A6680100FD6D73 /* AppDelegate.swift */ = {isa = PBXFileReference; lastKnownFileType = sourcecode.swift; path = AppDelegate.swift; sourceTree = "<group>"; };
		65DD9ADD26A6680100FD6D73 /* SceneDelegate.swift */ = {isa = PBXFileReference; lastKnownFileType = sourcecode.swift; path = SceneDelegate.swift; sourceTree = "<group>"; };
		65DD9AE526A6680100FD6D73 /* StockTutorial.xcdatamodel */ = {isa = PBXFileReference; lastKnownFileType = wrapper.xcdatamodel; path = StockTutorial.xcdatamodel; sourceTree = "<group>"; };
		65DD9AE726A6680200FD6D73 /* Assets.xcassets */ = {isa = PBXFileReference; lastKnownFileType = folder.assetcatalog; path = Assets.xcassets; sourceTree = "<group>"; };
		65DD9AEA26A6680200FD6D73 /* Base */ = {isa = PBXFileReference; lastKnownFileType = file.storyboard; name = Base; path = Base.lproj/LaunchScreen.storyboard; sourceTree = "<group>"; };
		65DD9AEC26A6680200FD6D73 /* Info.plist */ = {isa = PBXFileReference; lastKnownFileType = text.plist.xml; path = Info.plist; sourceTree = "<group>"; };
		65DD9AFA26A6690900FD6D73 /* BaseViewController.swift */ = {isa = PBXFileReference; lastKnownFileType = sourcecode.swift; path = BaseViewController.swift; sourceTree = "<group>"; };
		65DD9AFC26A6697F00FD6D73 /* StockListController.swift */ = {isa = PBXFileReference; lastKnownFileType = sourcecode.swift; path = StockListController.swift; sourceTree = "<group>"; };
		65DD9AFE26A669C800FD6D73 /* BaseView.swift */ = {isa = PBXFileReference; lastKnownFileType = sourcecode.swift; path = BaseView.swift; sourceTree = "<group>"; };
		65DD9B0026A66A2000FD6D73 /* StockListView.swift */ = {isa = PBXFileReference; lastKnownFileType = sourcecode.swift; path = StockListView.swift; sourceTree = "<group>"; };
		65DD9B0226A66D3700FD6D73 /* Coordinator.swift */ = {isa = PBXFileReference; lastKnownFileType = sourcecode.swift; path = Coordinator.swift; sourceTree = "<group>"; };
		65DD9B0426A66D9A00FD6D73 /* CompositionRoot.swift */ = {isa = PBXFileReference; lastKnownFileType = sourcecode.swift; path = CompositionRoot.swift; sourceTree = "<group>"; };
		65DD9B0626A6751100FD6D73 /* MainCoordinator.swift */ = {isa = PBXFileReference; lastKnownFileType = sourcecode.swift; path = MainCoordinator.swift; sourceTree = "<group>"; };
		65DD9B0826A68AAF00FD6D73 /* StockRepository.swift */ = {isa = PBXFileReference; lastKnownFileType = sourcecode.swift; path = StockRepository.swift; sourceTree = "<group>"; };
		65DD9B0A26A68AD800FD6D73 /* StockRepositoryImplement.swift */ = {isa = PBXFileReference; lastKnownFileType = sourcecode.swift; path = StockRepositoryImplement.swift; sourceTree = "<group>"; };
		65DD9B0C26A68BE700FD6D73 /* Stock.swift */ = {isa = PBXFileReference; lastKnownFileType = sourcecode.swift; path = Stock.swift; sourceTree = "<group>"; };
		65DD9B0E26A695AC00FD6D73 /* StockUseCase.swift */ = {isa = PBXFileReference; lastKnownFileType = sourcecode.swift; path = StockUseCase.swift; sourceTree = "<group>"; };
		65DD9B1026A6992800FD6D73 /* StockListViewModel.swift */ = {isa = PBXFileReference; lastKnownFileType = sourcecode.swift; path = StockListViewModel.swift; sourceTree = "<group>"; };
		65DD9B1226A6B73800FD6D73 /* LoadingView.swift */ = {isa = PBXFileReference; lastKnownFileType = sourcecode.swift; path = LoadingView.swift; sourceTree = "<group>"; };
		65DD9B1426A6BA6B00FD6D73 /* Font.swift */ = {isa = PBXFileReference; lastKnownFileType = sourcecode.swift; path = Font.swift; sourceTree = "<group>"; };
		65DD9B1626A6BB3100FD6D73 /* StockCell.swift */ = {isa = PBXFileReference; lastKnownFileType = sourcecode.swift; path = StockCell.swift; sourceTree = "<group>"; };
		65DD9B1826A6BE2F00FD6D73 /* StockList+TableView.swift */ = {isa = PBXFileReference; lastKnownFileType = sourcecode.swift; path = "StockList+TableView.swift"; sourceTree = "<group>"; };
		65DD9B1B26A79DD600FD6D73 /* EmptyView.swift */ = {isa = PBXFileReference; lastKnownFileType = sourcecode.swift; path = EmptyView.swift; sourceTree = "<group>"; };
		65DD9B1D26A7A3CD00FD6D73 /* StockDetailController.swift */ = {isa = PBXFileReference; lastKnownFileType = sourcecode.swift; path = StockDetailController.swift; sourceTree = "<group>"; };
		65DD9B1F26A7BB5300FD6D73 /* StockDetailView.swift */ = {isa = PBXFileReference; lastKnownFileType = sourcecode.swift; path = StockDetailView.swift; sourceTree = "<group>"; };
		65DD9B2126A7E6A600FD6D73 /* StockDetailTopView.swift */ = {isa = PBXFileReference; lastKnownFileType = sourcecode.swift; path = StockDetailTopView.swift; sourceTree = "<group>"; };
		65DD9B2326A7ECCE00FD6D73 /* StockDetailBottomView.swift */ = {isa = PBXFileReference; lastKnownFileType = sourcecode.swift; path = StockDetailBottomView.swift; sourceTree = "<group>"; };
		65DD9B2526A7FD4200FD6D73 /* TimeSeriesMonthlyAdjusted.swift */ = {isa = PBXFileReference; lastKnownFileType = sourcecode.swift; path = TimeSeriesMonthlyAdjusted.swift; sourceTree = "<group>"; };
		70B708DB434B43A8D13ED11E /* Pods-StockTutorial.release.xcconfig */ = {isa = PBXFileReference; includeInIndex = 1; lastKnownFileType = text.xcconfig; name = "Pods-StockTutorial.release.xcconfig"; path = "Target Support Files/Pods-StockTutorial/Pods-StockTutorial.release.xcconfig"; sourceTree = "<group>"; };
/* End PBXFileReference section */

/* Begin PBXFrameworksBuildPhase section */
		65DD9AD526A6680100FD6D73 /* Frameworks */ = {
			isa = PBXFrameworksBuildPhase;
			buildActionMask = 2147483647;
			files = (
				833BABECABA735231CD5E68B /* Pods_StockTutorial.framework in Frameworks */,
			);
			runOnlyForDeploymentPostprocessing = 0;
		};
/* End PBXFrameworksBuildPhase section */

/* Begin PBXGroup section */
		65DD9ACF26A6680100FD6D73 = {
			isa = PBXGroup;
			children = (
				65DD9ADA26A6680100FD6D73 /* StockTutorial */,
				65DD9AD926A6680100FD6D73 /* Products */,
				C61A2731B36A3F74CF9C9F65 /* Pods */,
				C4705DA57286129D48F49EF1 /* Frameworks */,
			);
			sourceTree = "<group>";
		};
		65DD9AD926A6680100FD6D73 /* Products */ = {
			isa = PBXGroup;
			children = (
				65DD9AD826A6680100FD6D73 /* StockTutorial.app */,
			);
			name = Products;
			sourceTree = "<group>";
		};
		65DD9ADA26A6680100FD6D73 /* StockTutorial */ = {
			isa = PBXGroup;
			children = (
				65DD9AF926A668D600FD6D73 /* Domains */,
				65DD9AF826A668CC00FD6D73 /* Repositories */,
				65DD9AF726A668C600FD6D73 /* Models */,
				65DD9AF526A668B400FD6D73 /* Views */,
				65DD9AF626A668BA00FD6D73 /* Components */,
				65DD9AF426A668AC00FD6D73 /* Controllers */,
				65DD9AF326A668A100FD6D73 /* Coordinators */,
				65DD9AF226A6689A00FD6D73 /* DependencyInjections */,
				65DD9ADB26A6680100FD6D73 /* AppDelegate.swift */,
				65DD9ADD26A6680100FD6D73 /* SceneDelegate.swift */,
				65DD9AE726A6680200FD6D73 /* Assets.xcassets */,
				65DD9AE926A6680200FD6D73 /* LaunchScreen.storyboard */,
				65DD9AEC26A6680200FD6D73 /* Info.plist */,
				65DD9AE426A6680100FD6D73 /* StockTutorial.xcdatamodeld */,
			);
			path = StockTutorial;
			sourceTree = "<group>";
		};
		65DD9AF226A6689A00FD6D73 /* DependencyInjections */ = {
			isa = PBXGroup;
			children = (
				65DD9B0426A66D9A00FD6D73 /* CompositionRoot.swift */,
			);
			path = DependencyInjections;
			sourceTree = "<group>";
		};
		65DD9AF326A668A100FD6D73 /* Coordinators */ = {
			isa = PBXGroup;
			children = (
				65DD9B0226A66D3700FD6D73 /* Coordinator.swift */,
				65DD9B0626A6751100FD6D73 /* MainCoordinator.swift */,
			);
			path = Coordinators;
			sourceTree = "<group>";
		};
		65DD9AF426A668AC00FD6D73 /* Controllers */ = {
			isa = PBXGroup;
			children = (
				65DD9AFA26A6690900FD6D73 /* BaseViewController.swift */,
				65DD9AFC26A6697F00FD6D73 /* StockListController.swift */,
				65DD9B1826A6BE2F00FD6D73 /* StockList+TableView.swift */,
				65DD9B1026A6992800FD6D73 /* StockListViewModel.swift */,
				65DD9B1D26A7A3CD00FD6D73 /* StockDetailController.swift */,
			);
			path = Controllers;
			sourceTree = "<group>";
		};
		65DD9AF526A668B400FD6D73 /* Views */ = {
			isa = PBXGroup;
			children = (
				65DD9AFE26A669C800FD6D73 /* BaseView.swift */,
				65DD9B0026A66A2000FD6D73 /* StockListView.swift */,
				65DD9B1226A6B73800FD6D73 /* LoadingView.swift */,
				65DD9B1626A6BB3100FD6D73 /* StockCell.swift */,
				65DD9B1B26A79DD600FD6D73 /* EmptyView.swift */,
				65DD9B1F26A7BB5300FD6D73 /* StockDetailView.swift */,
				65DD9B2126A7E6A600FD6D73 /* StockDetailTopView.swift */,
				65DD9B2326A7ECCE00FD6D73 /* StockDetailBottomView.swift */,
			);
			path = Views;
			sourceTree = "<group>";
		};
		65DD9AF626A668BA00FD6D73 /* Components */ = {
			isa = PBXGroup;
			children = (
				65DD9B1426A6BA6B00FD6D73 /* Font.swift */,
			);
			path = Components;
			sourceTree = "<group>";
		};
		65DD9AF726A668C600FD6D73 /* Models */ = {
			isa = PBXGroup;
			children = (
				65DD9B0C26A68BE700FD6D73 /* Stock.swift */,
				65DD9B2526A7FD4200FD6D73 /* TimeSeriesMonthlyAdjusted.swift */,
			);
			path = Models;
			sourceTree = "<group>";
		};
		65DD9AF826A668CC00FD6D73 /* Repositories */ = {
			isa = PBXGroup;
			children = (
				65DD9B0826A68AAF00FD6D73 /* StockRepository.swift */,
				65DD9B0A26A68AD800FD6D73 /* StockRepositoryImplement.swift */,
			);
			path = Repositories;
			sourceTree = "<group>";
		};
		65DD9AF926A668D600FD6D73 /* Domains */ = {
			isa = PBXGroup;
			children = (
				65DD9B0E26A695AC00FD6D73 /* StockUseCase.swift */,
			);
			path = Domains;
			sourceTree = "<group>";
		};
		C4705DA57286129D48F49EF1 /* Frameworks */ = {
			isa = PBXGroup;
			children = (
				1099E1C91B06E853C87B3DB2 /* Pods_StockTutorial.framework */,
			);
			name = Frameworks;
			sourceTree = "<group>";
		};
		C61A2731B36A3F74CF9C9F65 /* Pods */ = {
			isa = PBXGroup;
			children = (
				3E086152ECD75ABFB0DD033F /* Pods-StockTutorial.debug.xcconfig */,
				70B708DB434B43A8D13ED11E /* Pods-StockTutorial.release.xcconfig */,
			);
			path = Pods;
			sourceTree = "<group>";
		};
/* End PBXGroup section */

/* Begin PBXNativeTarget section */
		65DD9AD726A6680100FD6D73 /* StockTutorial */ = {
			isa = PBXNativeTarget;
			buildConfigurationList = 65DD9AEF26A6680200FD6D73 /* Build configuration list for PBXNativeTarget "StockTutorial" */;
			buildPhases = (
				6C9B881A067E864B4913F099 /* [CP] Check Pods Manifest.lock */,
				65DD9AD426A6680100FD6D73 /* Sources */,
				65DD9AD526A6680100FD6D73 /* Frameworks */,
				65DD9AD626A6680100FD6D73 /* Resources */,
				6782BC73D91BCA24BF13614E /* [CP] Embed Pods Frameworks */,
			);
			buildRules = (
			);
			dependencies = (
			);
			name = StockTutorial;
			productName = StockTutorial;
			productReference = 65DD9AD826A6680100FD6D73 /* StockTutorial.app */;
			productType = "com.apple.product-type.application";
		};
/* End PBXNativeTarget section */

/* Begin PBXProject section */
		65DD9AD026A6680100FD6D73 /* Project object */ = {
			isa = PBXProject;
			attributes = {
				LastSwiftUpdateCheck = 1250;
				LastUpgradeCheck = 1250;
				TargetAttributes = {
					65DD9AD726A6680100FD6D73 = {
						CreatedOnToolsVersion = 12.5;
					};
				};
			};
			buildConfigurationList = 65DD9AD326A6680100FD6D73 /* Build configuration list for PBXProject "StockTutorial" */;
			compatibilityVersion = "Xcode 9.3";
			developmentRegion = en;
			hasScannedForEncodings = 0;
			knownRegions = (
				en,
				Base,
			);
			mainGroup = 65DD9ACF26A6680100FD6D73;
			productRefGroup = 65DD9AD926A6680100FD6D73 /* Products */;
			projectDirPath = "";
			projectRoot = "";
			targets = (
				65DD9AD726A6680100FD6D73 /* StockTutorial */,
			);
		};
/* End PBXProject section */

/* Begin PBXResourcesBuildPhase section */
		65DD9AD626A6680100FD6D73 /* Resources */ = {
			isa = PBXResourcesBuildPhase;
			buildActionMask = 2147483647;
			files = (
				65DD9AEB26A6680200FD6D73 /* LaunchScreen.storyboard in Resources */,
				65DD9AE826A6680200FD6D73 /* Assets.xcassets in Resources */,
			);
			runOnlyForDeploymentPostprocessing = 0;
		};
/* End PBXResourcesBuildPhase section */

/* Begin PBXShellScriptBuildPhase section */
		6782BC73D91BCA24BF13614E /* [CP] Embed Pods Frameworks */ = {
			isa = PBXShellScriptBuildPhase;
			buildActionMask = 2147483647;
			files = (
			);
			inputFileListPaths = (
				"${PODS_ROOT}/Target Support Files/Pods-StockTutorial/Pods-StockTutorial-frameworks-${CONFIGURATION}-input-files.xcfilelist",
			);
			name = "[CP] Embed Pods Frameworks";
			outputFileListPaths = (
				"${PODS_ROOT}/Target Support Files/Pods-StockTutorial/Pods-StockTutorial-frameworks-${CONFIGURATION}-output-files.xcfilelist",
			);
			runOnlyForDeploymentPostprocessing = 0;
			shellPath = /bin/sh;
			shellScript = "\"${PODS_ROOT}/Target Support Files/Pods-StockTutorial/Pods-StockTutorial-frameworks.sh\"\n";
			showEnvVarsInLog = 0;
		};
		6C9B881A067E864B4913F099 /* [CP] Check Pods Manifest.lock */ = {
			isa = PBXShellScriptBuildPhase;
			buildActionMask = 2147483647;
			files = (
			);
			inputFileListPaths = (
			);
			inputPaths = (
				"${PODS_PODFILE_DIR_PATH}/Podfile.lock",
				"${PODS_ROOT}/Manifest.lock",
			);
			name = "[CP] Check Pods Manifest.lock";
			outputFileListPaths = (
			);
			outputPaths = (
				"$(DERIVED_FILE_DIR)/Pods-StockTutorial-checkManifestLockResult.txt",
			);
			runOnlyForDeploymentPostprocessing = 0;
			shellPath = /bin/sh;
			shellScript = "diff \"${PODS_PODFILE_DIR_PATH}/Podfile.lock\" \"${PODS_ROOT}/Manifest.lock\" > /dev/null\nif [ $? != 0 ] ; then\n    # print error to STDERR\n    echo \"error: The sandbox is not in sync with the Podfile.lock. Run 'pod install' or update your CocoaPods installation.\" >&2\n    exit 1\nfi\n# This output is used by Xcode 'outputs' to avoid re-running this script phase.\necho \"SUCCESS\" > \"${SCRIPT_OUTPUT_FILE_0}\"\n";
			showEnvVarsInLog = 0;
		};
/* End PBXShellScriptBuildPhase section */

/* Begin PBXSourcesBuildPhase section */
		65DD9AD426A6680100FD6D73 /* Sources */ = {
			isa = PBXSourcesBuildPhase;
			buildActionMask = 2147483647;
			files = (
				65DD9B0326A66D3700FD6D73 /* Coordinator.swift in Sources */,
				65DD9B1E26A7A3CD00FD6D73 /* StockDetailController.swift in Sources */,
				65DD9ADC26A6680100FD6D73 /* AppDelegate.swift in Sources */,
				65DD9AFB26A6690900FD6D73 /* BaseViewController.swift in Sources */,
				65DD9B2626A7FD4200FD6D73 /* TimeSeriesMonthlyAdjusted.swift in Sources */,
				65DD9AE626A6680100FD6D73 /* StockTutorial.xcdatamodeld in Sources */,
				65DD9B1126A6992800FD6D73 /* StockListViewModel.swift in Sources */,
				65DD9B1326A6B73800FD6D73 /* LoadingView.swift in Sources */,
				65DD9B0D26A68BE700FD6D73 /* Stock.swift in Sources */,
				65DD9B2226A7E6A600FD6D73 /* StockDetailTopView.swift in Sources */,
				65DD9B0726A6751100FD6D73 /* MainCoordinator.swift in Sources */,
				65DD9B0926A68AAF00FD6D73 /* StockRepository.swift in Sources */,
				65DD9B0126A66A2000FD6D73 /* StockListView.swift in Sources */,
				65DD9B0F26A695AC00FD6D73 /* StockUseCase.swift in Sources */,
				65DD9B2426A7ECCE00FD6D73 /* StockDetailBottomView.swift in Sources */,
				65DD9B2026A7BB5300FD6D73 /* StockDetailView.swift in Sources */,
				65DD9AFF26A669C800FD6D73 /* BaseView.swift in Sources */,
				65DD9B1526A6BA6B00FD6D73 /* Font.swift in Sources */,
				65DD9B0B26A68AD800FD6D73 /* StockRepositoryImplement.swift in Sources */,
				65DD9B1726A6BB3100FD6D73 /* StockCell.swift in Sources */,
				65DD9B1926A6BE2F00FD6D73 /* StockList+TableView.swift in Sources */,
				65DD9B1C26A79DD600FD6D73 /* EmptyView.swift in Sources */,
				65DD9ADE26A6680100FD6D73 /* SceneDelegate.swift in Sources */,
				65DD9B0526A66D9A00FD6D73 /* CompositionRoot.swift in Sources */,
				65DD9AFD26A6697F00FD6D73 /* StockListController.swift in Sources */,
			);
			runOnlyForDeploymentPostprocessing = 0;
		};
/* End PBXSourcesBuildPhase section */

/* Begin PBXVariantGroup section */
		65DD9AE926A6680200FD6D73 /* LaunchScreen.storyboard */ = {
			isa = PBXVariantGroup;
			children = (
				65DD9AEA26A6680200FD6D73 /* Base */,
			);
			name = LaunchScreen.storyboard;
			sourceTree = "<group>";
		};
/* End PBXVariantGroup section */

/* Begin XCBuildConfiguration section */
		65DD9AED26A6680200FD6D73 /* Debug */ = {
			isa = XCBuildConfiguration;
			buildSettings = {
				ALWAYS_SEARCH_USER_PATHS = NO;
				CLANG_ANALYZER_NONNULL = YES;
				CLANG_ANALYZER_NUMBER_OBJECT_CONVERSION = YES_AGGRESSIVE;
				CLANG_CXX_LANGUAGE_STANDARD = "gnu++14";
				CLANG_CXX_LIBRARY = "libc++";
				CLANG_ENABLE_MODULES = YES;
				CLANG_ENABLE_OBJC_ARC = YES;
				CLANG_ENABLE_OBJC_WEAK = YES;
				CLANG_WARN_BLOCK_CAPTURE_AUTORELEASING = YES;
				CLANG_WARN_BOOL_CONVERSION = YES;
				CLANG_WARN_COMMA = YES;
				CLANG_WARN_CONSTANT_CONVERSION = YES;
				CLANG_WARN_DEPRECATED_OBJC_IMPLEMENTATIONS = YES;
				CLANG_WARN_DIRECT_OBJC_ISA_USAGE = YES_ERROR;
				CLANG_WARN_DOCUMENTATION_COMMENTS = YES;
				CLANG_WARN_EMPTY_BODY = YES;
				CLANG_WARN_ENUM_CONVERSION = YES;
				CLANG_WARN_INFINITE_RECURSION = YES;
				CLANG_WARN_INT_CONVERSION = YES;
				CLANG_WARN_NON_LITERAL_NULL_CONVERSION = YES;
				CLANG_WARN_OBJC_IMPLICIT_RETAIN_SELF = YES;
				CLANG_WARN_OBJC_LITERAL_CONVERSION = YES;
				CLANG_WARN_OBJC_ROOT_CLASS = YES_ERROR;
				CLANG_WARN_QUOTED_INCLUDE_IN_FRAMEWORK_HEADER = YES;
				CLANG_WARN_RANGE_LOOP_ANALYSIS = YES;
				CLANG_WARN_STRICT_PROTOTYPES = YES;
				CLANG_WARN_SUSPICIOUS_MOVE = YES;
				CLANG_WARN_UNGUARDED_AVAILABILITY = YES_AGGRESSIVE;
				CLANG_WARN_UNREACHABLE_CODE = YES;
				CLANG_WARN__DUPLICATE_METHOD_MATCH = YES;
				COPY_PHASE_STRIP = NO;
				DEBUG_INFORMATION_FORMAT = dwarf;
				ENABLE_STRICT_OBJC_MSGSEND = YES;
				ENABLE_TESTABILITY = YES;
				GCC_C_LANGUAGE_STANDARD = gnu11;
				GCC_DYNAMIC_NO_PIC = NO;
				GCC_NO_COMMON_BLOCKS = YES;
				GCC_OPTIMIZATION_LEVEL = 0;
				GCC_PREPROCESSOR_DEFINITIONS = (
					"DEBUG=1",
					"$(inherited)",
				);
				GCC_WARN_64_TO_32_BIT_CONVERSION = YES;
				GCC_WARN_ABOUT_RETURN_TYPE = YES_ERROR;
				GCC_WARN_UNDECLARED_SELECTOR = YES;
				GCC_WARN_UNINITIALIZED_AUTOS = YES_AGGRESSIVE;
				GCC_WARN_UNUSED_FUNCTION = YES;
				GCC_WARN_UNUSED_VARIABLE = YES;
				IPHONEOS_DEPLOYMENT_TARGET = 14.5;
				MTL_ENABLE_DEBUG_INFO = INCLUDE_SOURCE;
				MTL_FAST_MATH = YES;
				ONLY_ACTIVE_ARCH = YES;
				SDKROOT = iphoneos;
				SWIFT_ACTIVE_COMPILATION_CONDITIONS = DEBUG;
				SWIFT_OPTIMIZATION_LEVEL = "-Onone";
			};
			name = Debug;
		};
		65DD9AEE26A6680200FD6D73 /* Release */ = {
			isa = XCBuildConfiguration;
			buildSettings = {
				ALWAYS_SEARCH_USER_PATHS = NO;
				CLANG_ANALYZER_NONNULL = YES;
				CLANG_ANALYZER_NUMBER_OBJECT_CONVERSION = YES_AGGRESSIVE;
				CLANG_CXX_LANGUAGE_STANDARD = "gnu++14";
				CLANG_CXX_LIBRARY = "libc++";
				CLANG_ENABLE_MODULES = YES;
				CLANG_ENABLE_OBJC_ARC = YES;
				CLANG_ENABLE_OBJC_WEAK = YES;
				CLANG_WARN_BLOCK_CAPTURE_AUTORELEASING = YES;
				CLANG_WARN_BOOL_CONVERSION = YES;
				CLANG_WARN_COMMA = YES;
				CLANG_WARN_CONSTANT_CONVERSION = YES;
				CLANG_WARN_DEPRECATED_OBJC_IMPLEMENTATIONS = YES;
				CLANG_WARN_DIRECT_OBJC_ISA_USAGE = YES_ERROR;
				CLANG_WARN_DOCUMENTATION_COMMENTS = YES;
				CLANG_WARN_EMPTY_BODY = YES;
				CLANG_WARN_ENUM_CONVERSION = YES;
				CLANG_WARN_INFINITE_RECURSION = YES;
				CLANG_WARN_INT_CONVERSION = YES;
				CLANG_WARN_NON_LITERAL_NULL_CONVERSION = YES;
				CLANG_WARN_OBJC_IMPLICIT_RETAIN_SELF = YES;
				CLANG_WARN_OBJC_LITERAL_CONVERSION = YES;
				CLANG_WARN_OBJC_ROOT_CLASS = YES_ERROR;
				CLANG_WARN_QUOTED_INCLUDE_IN_FRAMEWORK_HEADER = YES;
				CLANG_WARN_RANGE_LOOP_ANALYSIS = YES;
				CLANG_WARN_STRICT_PROTOTYPES = YES;
				CLANG_WARN_SUSPICIOUS_MOVE = YES;
				CLANG_WARN_UNGUARDED_AVAILABILITY = YES_AGGRESSIVE;
				CLANG_WARN_UNREACHABLE_CODE = YES;
				CLANG_WARN__DUPLICATE_METHOD_MATCH = YES;
				COPY_PHASE_STRIP = NO;
				DEBUG_INFORMATION_FORMAT = "dwarf-with-dsym";
				ENABLE_NS_ASSERTIONS = NO;
				ENABLE_STRICT_OBJC_MSGSEND = YES;
				GCC_C_LANGUAGE_STANDARD = gnu11;
				GCC_NO_COMMON_BLOCKS = YES;
				GCC_WARN_64_TO_32_BIT_CONVERSION = YES;
				GCC_WARN_ABOUT_RETURN_TYPE = YES_ERROR;
				GCC_WARN_UNDECLARED_SELECTOR = YES;
				GCC_WARN_UNINITIALIZED_AUTOS = YES_AGGRESSIVE;
				GCC_WARN_UNUSED_FUNCTION = YES;
				GCC_WARN_UNUSED_VARIABLE = YES;
				IPHONEOS_DEPLOYMENT_TARGET = 14.5;
				MTL_ENABLE_DEBUG_INFO = NO;
				MTL_FAST_MATH = YES;
				SDKROOT = iphoneos;
				SWIFT_COMPILATION_MODE = wholemodule;
				SWIFT_OPTIMIZATION_LEVEL = "-O";
				VALIDATE_PRODUCT = YES;
			};
			name = Release;
		};
		65DD9AF026A6680200FD6D73 /* Debug */ = {
			isa = XCBuildConfiguration;
			baseConfigurationReference = 3E086152ECD75ABFB0DD033F /* Pods-StockTutorial.debug.xcconfig */;
			buildSettings = {
				ASSETCATALOG_COMPILER_APPICON_NAME = AppIcon;
				ASSETCATALOG_COMPILER_GLOBAL_ACCENT_COLOR_NAME = AccentColor;
				CODE_SIGN_STYLE = Automatic;
				DEVELOPMENT_TEAM = B434W34DLF;
				INFOPLIST_FILE = StockTutorial/Info.plist;
				LD_RUNPATH_SEARCH_PATHS = (
					"$(inherited)",
					"@executable_path/Frameworks",
				);
				PRODUCT_BUNDLE_IDENTIFIER = "kr.ac.kpu.-.StockTutorial";
				PRODUCT_NAME = "$(TARGET_NAME)";
				SWIFT_VERSION = 5.0;
				TARGETED_DEVICE_FAMILY = "1,2";
			};
			name = Debug;
		};
		65DD9AF126A6680200FD6D73 /* Release */ = {
			isa = XCBuildConfiguration;
			baseConfigurationReference = 70B708DB434B43A8D13ED11E /* Pods-StockTutorial.release.xcconfig */;
			buildSettings = {
				ASSETCATALOG_COMPILER_APPICON_NAME = AppIcon;
				ASSETCATALOG_COMPILER_GLOBAL_ACCENT_COLOR_NAME = AccentColor;
				CODE_SIGN_STYLE = Automatic;
				DEVELOPMENT_TEAM = B434W34DLF;
				INFOPLIST_FILE = StockTutorial/Info.plist;
				LD_RUNPATH_SEARCH_PATHS = (
					"$(inherited)",
					"@executable_path/Frameworks",
				);
				PRODUCT_BUNDLE_IDENTIFIER = "kr.ac.kpu.-.StockTutorial";
				PRODUCT_NAME = "$(TARGET_NAME)";
				SWIFT_VERSION = 5.0;
				TARGETED_DEVICE_FAMILY = "1,2";
			};
			name = Release;
		};
/* End XCBuildConfiguration section */

/* Begin XCConfigurationList section */
		65DD9AD326A6680100FD6D73 /* Build configuration list for PBXProject "StockTutorial" */ = {
			isa = XCConfigurationList;
			buildConfigurations = (
				65DD9AED26A6680200FD6D73 /* Debug */,
				65DD9AEE26A6680200FD6D73 /* Release */,
			);
			defaultConfigurationIsVisible = 0;
			defaultConfigurationName = Release;
		};
		65DD9AEF26A6680200FD6D73 /* Build configuration list for PBXNativeTarget "StockTutorial" */ = {
			isa = XCConfigurationList;
			buildConfigurations = (
				65DD9AF026A6680200FD6D73 /* Debug */,
				65DD9AF126A6680200FD6D73 /* Release */,
			);
			defaultConfigurationIsVisible = 0;
			defaultConfigurationName = Release;
		};
/* End XCConfigurationList section */

/* Begin XCVersionGroup section */
		65DD9AE426A6680100FD6D73 /* StockTutorial.xcdatamodeld */ = {
			isa = XCVersionGroup;
			children = (
				65DD9AE526A6680100FD6D73 /* StockTutorial.xcdatamodel */,
			);
			currentVersion = 65DD9AE526A6680100FD6D73 /* StockTutorial.xcdatamodel */;
			path = StockTutorial.xcdatamodeld;
			sourceTree = "<group>";
			versionGroupType = wrapper.xcdatamodel;
		};
/* End XCVersionGroup section */
	};
	rootObject = 65DD9AD026A6680100FD6D73 /* Project object */;
}
